
Microsoft Visual Studio Solution File, Format Version 12.00
# Visual Studio Version 17
VisualStudioVersion = 17.9.34616.47
MinimumVisualStudioVersion = 10.0.40219.1
Project("{2150E333-8FDC-42A3-9474-1A3956D46DE8}") = "src", "src", "{2772DB08-B120-4457-8ED1-00A08570877D}"
EndProject
Project("{2150E333-8FDC-42A3-9474-1A3956D46DE8}") = "Services", "Services", "{83294709-7081-42CC-911F-869D825EBB3A}"
EndProject
Project("{2150E333-8FDC-42A3-9474-1A3956D46DE8}") = "Building Blocks", "Building Blocks", "{9138E582-F0E5-4E7C-A97A-BE7E0705EC6E}"
EndProject
Project("{9A19103F-16F7-4668-BE54-9A1E7A4F7556}") = "DaltroStore.Identity.API", "src\services\DaltroStore.Identity.API\DaltroStore.Identity.API.csproj", "{527F651B-9F9C-4322-A367-15B7817389A9}"
EndProject
Project("{2150E333-8FDC-42A3-9474-1A3956D46DE8}") = "Identity", "Identity", "{936B1901-A95E-416E-A042-2056F41037C5}"
EndProject
Project("{9A19103F-16F7-4668-BE54-9A1E7A4F7556}") = "DaltroStore.ProductCatolog.API", "src\services\ProductCatolog\DaltroStore.ProductCatolog.API\DaltroStore.ProductCatolog.API.csproj", "{7F3C1021-4AF3-4AED-8AF3-C64687898DD7}"
EndProject
Project("{2150E333-8FDC-42A3-9474-1A3956D46DE8}") = "ProductCatolog", "ProductCatolog", "{D80F8C1D-B892-4F2B-B5A0-99AA4CB764D5}"
EndProject
Project("{9A19103F-16F7-4668-BE54-9A1E7A4F7556}") = "DaltroStore.ProductCatalog.Domain", "src\services\ProductCatolog\DaltroStore.ProductCatalog.Business\DaltroStore.ProductCatalog.Domain.csproj", "{CA93F604-C38A-4242-8B9A-818F20FB4B57}"
EndProject
Project("{9A19103F-16F7-4668-BE54-9A1E7A4F7556}") = "DaltroStore.ProductCatalog.Infrastructure", "src\services\ProductCatolog\DaltroStore.ProductCatalog.Data\DaltroStore.ProductCatalog.Infrastructure.csproj", "{9369581D-56AA-42D6-9BB2-B1E011A74132}"
EndProject
Project("{2150E333-8FDC-42A3-9474-1A3956D46DE8}") = "Core", "Core", "{F1DCE08D-1022-4869-BA68-6FF30D96C3E9}"
EndProject
Project("{9A19103F-16F7-4668-BE54-9A1E7A4F7556}") = "DaltroStore.Core", "src\buildingblocks\Core\DaltroStore.Core\DaltroStore.Core.csproj", "{EEB71793-73F9-4FD6-AAE4-685B1BBE5E3A}"
EndProject
Project("{9A19103F-16F7-4668-BE54-9A1E7A4F7556}") = "DaltroStore.ProductCatalog.Application", "src\services\ProductCatolog\DaltroStore.ProductCatalog.Application\DaltroStore.ProductCatalog.Application.csproj", "{31321E3C-102A-4A2B-8FFC-0E0263DB8EF5}"
EndProject
Project("{2150E333-8FDC-42A3-9474-1A3956D46DE8}") = "Auth", "Auth", "{0E01F147-9A4E-4266-9D31-0156823BAD0D}"
EndProject
Project("{9A19103F-16F7-4668-BE54-9A1E7A4F7556}") = "DaltroStore.Auth", "DaltroStore.Auth\DaltroStore.Auth.csproj", "{438E298D-4FA8-40F5-8DDD-08824107C586}"
EndProject
Project("{2150E333-8FDC-42A3-9474-1A3956D46DE8}") = "Customer", "Customer", "{7388BBA1-2D78-43B3-AB2A-D5313F629430}"
EndProject
Project("{9A19103F-16F7-4668-BE54-9A1E7A4F7556}") = "DaltroStore.Customer.Domain", "src\services\Client\DaltroStore.Client.Domain\DaltroStore.Customer.Domain.csproj", "{A4481FF2-59A8-44E9-9341-DB179D478620}"
EndProject
Project("{9A19103F-16F7-4668-BE54-9A1E7A4F7556}") = "DaltroStore.Customer.Infrastructure", "src\services\Client\DaltroStore.Client.Infrastructure\DaltroStore.Customer.Infrastructure.csproj", "{7FD9768A-A456-4A4E-850C-179D72E7015B}"
EndProject
Project("{FAE04EC0-301F-11D3-BF4B-00C04F79EFBC}") = "DaltroStore.Customer.API", "src\services\Client\DaltroStore.Customer.API\DaltroStore.Customer.API.csproj", "{16D8CBB5-BA6D-460F-8317-D962E5CE3785}"
EndProject
Global
	GlobalSection(SolutionConfigurationPlatforms) = preSolution
		Debug|Any CPU = Debug|Any CPU
		Release|Any CPU = Release|Any CPU
	EndGlobalSection
	GlobalSection(ProjectConfigurationPlatforms) = postSolution
		{527F651B-9F9C-4322-A367-15B7817389A9}.Debug|Any CPU.ActiveCfg = Debug|Any CPU
		{527F651B-9F9C-4322-A367-15B7817389A9}.Debug|Any CPU.Build.0 = Debug|Any CPU
		{527F651B-9F9C-4322-A367-15B7817389A9}.Release|Any CPU.ActiveCfg = Release|Any CPU
		{527F651B-9F9C-4322-A367-15B7817389A9}.Release|Any CPU.Build.0 = Release|Any CPU
		{7F3C1021-4AF3-4AED-8AF3-C64687898DD7}.Debug|Any CPU.ActiveCfg = Debug|Any CPU
		{7F3C1021-4AF3-4AED-8AF3-C64687898DD7}.Debug|Any CPU.Build.0 = Debug|Any CPU
		{7F3C1021-4AF3-4AED-8AF3-C64687898DD7}.Release|Any CPU.ActiveCfg = Release|Any CPU
		{7F3C1021-4AF3-4AED-8AF3-C64687898DD7}.Release|Any CPU.Build.0 = Release|Any CPU
		{CA93F604-C38A-4242-8B9A-818F20FB4B57}.Debug|Any CPU.ActiveCfg = Debug|Any CPU
		{CA93F604-C38A-4242-8B9A-818F20FB4B57}.Debug|Any CPU.Build.0 = Debug|Any CPU
		{CA93F604-C38A-4242-8B9A-818F20FB4B57}.Release|Any CPU.ActiveCfg = Release|Any CPU
		{CA93F604-C38A-4242-8B9A-818F20FB4B57}.Release|Any CPU.Build.0 = Release|Any CPU
		{9369581D-56AA-42D6-9BB2-B1E011A74132}.Debug|Any CPU.ActiveCfg = Debug|Any CPU
		{9369581D-56AA-42D6-9BB2-B1E011A74132}.Debug|Any CPU.Build.0 = Debug|Any CPU
		{9369581D-56AA-42D6-9BB2-B1E011A74132}.Release|Any CPU.ActiveCfg = Release|Any CPU
		{9369581D-56AA-42D6-9BB2-B1E011A74132}.Release|Any CPU.Build.0 = Release|Any CPU
		{EEB71793-73F9-4FD6-AAE4-685B1BBE5E3A}.Debug|Any CPU.ActiveCfg = Debug|Any CPU
		{EEB71793-73F9-4FD6-AAE4-685B1BBE5E3A}.Debug|Any CPU.Build.0 = Debug|Any CPU
		{EEB71793-73F9-4FD6-AAE4-685B1BBE5E3A}.Release|Any CPU.ActiveCfg = Release|Any CPU
		{EEB71793-73F9-4FD6-AAE4-685B1BBE5E3A}.Release|Any CPU.Build.0 = Release|Any CPU
		{31321E3C-102A-4A2B-8FFC-0E0263DB8EF5}.Debug|Any CPU.ActiveCfg = Debug|Any CPU
		{31321E3C-102A-4A2B-8FFC-0E0263DB8EF5}.Debug|Any CPU.Build.0 = Debug|Any CPU
		{31321E3C-102A-4A2B-8FFC-0E0263DB8EF5}.Release|Any CPU.ActiveCfg = Release|Any CPU
		{31321E3C-102A-4A2B-8FFC-0E0263DB8EF5}.Release|Any CPU.Build.0 = Release|Any CPU
		{438E298D-4FA8-40F5-8DDD-08824107C586}.Debug|Any CPU.ActiveCfg = Debug|Any CPU
		{438E298D-4FA8-40F5-8DDD-08824107C586}.Debug|Any CPU.Build.0 = Debug|Any CPU
		{438E298D-4FA8-40F5-8DDD-08824107C586}.Release|Any CPU.ActiveCfg = Release|Any CPU
		{438E298D-4FA8-40F5-8DDD-08824107C586}.Release|Any CPU.Build.0 = Release|Any CPU
		{A4481FF2-59A8-44E9-9341-DB179D478620}.Debug|Any CPU.ActiveCfg = Debug|Any CPU
		{A4481FF2-59A8-44E9-9341-DB179D478620}.Debug|Any CPU.Build.0 = Debug|Any CPU
		{A4481FF2-59A8-44E9-9341-DB179D478620}.Release|Any CPU.ActiveCfg = Release|Any CPU
		{A4481FF2-59A8-44E9-9341-DB179D478620}.Release|Any CPU.Build.0 = Release|Any CPU
		{7FD9768A-A456-4A4E-850C-179D72E7015B}.Debug|Any CPU.ActiveCfg = Debug|Any CPU
		{7FD9768A-A456-4A4E-850C-179D72E7015B}.Debug|Any CPU.Build.0 = Debug|Any CPU
		{7FD9768A-A456-4A4E-850C-179D72E7015B}.Release|Any CPU.ActiveCfg = Release|Any CPU
		{7FD9768A-A456-4A4E-850C-179D72E7015B}.Release|Any CPU.Build.0 = Release|Any CPU
		{16D8CBB5-BA6D-460F-8317-D962E5CE3785}.Debug|Any CPU.ActiveCfg = Debug|Any CPU
		{16D8CBB5-BA6D-460F-8317-D962E5CE3785}.Debug|Any CPU.Build.0 = Debug|Any CPU
		{16D8CBB5-BA6D-460F-8317-D962E5CE3785}.Release|Any CPU.ActiveCfg = Release|Any CPU
		{16D8CBB5-BA6D-460F-8317-D962E5CE3785}.Release|Any CPU.Build.0 = Release|Any CPU
	EndGlobalSection
	GlobalSection(SolutionProperties) = preSolution
		HideSolutionNode = FALSE
	EndGlobalSection
	GlobalSection(NestedProjects) = preSolution
		{83294709-7081-42CC-911F-869D825EBB3A} = {2772DB08-B120-4457-8ED1-00A08570877D}
		{9138E582-F0E5-4E7C-A97A-BE7E0705EC6E} = {2772DB08-B120-4457-8ED1-00A08570877D}
		{527F651B-9F9C-4322-A367-15B7817389A9} = {936B1901-A95E-416E-A042-2056F41037C5}
		{936B1901-A95E-416E-A042-2056F41037C5} = {83294709-7081-42CC-911F-869D825EBB3A}
		{7F3C1021-4AF3-4AED-8AF3-C64687898DD7} = {D80F8C1D-B892-4F2B-B5A0-99AA4CB764D5}
		{D80F8C1D-B892-4F2B-B5A0-99AA4CB764D5} = {83294709-7081-42CC-911F-869D825EBB3A}
		{CA93F604-C38A-4242-8B9A-818F20FB4B57} = {D80F8C1D-B892-4F2B-B5A0-99AA4CB764D5}
		{9369581D-56AA-42D6-9BB2-B1E011A74132} = {D80F8C1D-B892-4F2B-B5A0-99AA4CB764D5}
		{F1DCE08D-1022-4869-BA68-6FF30D96C3E9} = {9138E582-F0E5-4E7C-A97A-BE7E0705EC6E}
		{EEB71793-73F9-4FD6-AAE4-685B1BBE5E3A} = {F1DCE08D-1022-4869-BA68-6FF30D96C3E9}
		{31321E3C-102A-4A2B-8FFC-0E0263DB8EF5} = {D80F8C1D-B892-4F2B-B5A0-99AA4CB764D5}
		{0E01F147-9A4E-4266-9D31-0156823BAD0D} = {9138E582-F0E5-4E7C-A97A-BE7E0705EC6E}
		{438E298D-4FA8-40F5-8DDD-08824107C586} = {0E01F147-9A4E-4266-9D31-0156823BAD0D}
		{7388BBA1-2D78-43B3-AB2A-D5313F629430} = {83294709-7081-42CC-911F-869D825EBB3A}
		{A4481FF2-59A8-44E9-9341-DB179D478620} = {7388BBA1-2D78-43B3-AB2A-D5313F629430}
		{7FD9768A-A456-4A4E-850C-179D72E7015B} = {7388BBA1-2D78-43B3-AB2A-D5313F629430}
		{16D8CBB5-BA6D-460F-8317-D962E5CE3785} = {7388BBA1-2D78-43B3-AB2A-D5313F629430}
	EndGlobalSection
	GlobalSection(ExtensibilityGlobals) = postSolution
		SolutionGuid = {09993222-8D9F-4B41-8C26-5B4132011A38}
	EndGlobalSection
EndGlobal
