
Microsoft Visual Studio Solution File, Format Version 12.00
# Visual Studio Version 17
VisualStudioVersion = 17.9.34616.47
MinimumVisualStudioVersion = 10.0.40219.1
Project("{2150E333-8FDC-42A3-9474-1A3956D46DE8}") = "src", "src", "{2772DB08-B120-4457-8ED1-00A08570877D}"
EndProject
Project("{2150E333-8FDC-42A3-9474-1A3956D46DE8}") = "Services", "Services", "{83294709-7081-42CC-911F-869D825EBB3A}"
EndProject
Project("{2150E333-8FDC-42A3-9474-1A3956D46DE8}") = "Building Blocks", "Building Blocks", "{9138E582-F0E5-4E7C-A97A-BE7E0705EC6E}"
EndProject
Project("{9A19103F-16F7-4668-BE54-9A1E7A4F7556}") = "DaltroStore.Identity.API", "src\services\DaltroStore.Identity.API\DaltroStore.Identity.API.csproj", "{527F651B-9F9C-4322-A367-15B7817389A9}"
EndProject
Project("{2150E333-8FDC-42A3-9474-1A3956D46DE8}") = "Identity", "Identity", "{936B1901-A95E-416E-A042-2056F41037C5}"
EndProject
Project("{FAE04EC0-301F-11D3-BF4B-00C04F79EFBC}") = "DaltroStore.ProductCatolog.API", "src\services\ProductCatolog\DaltroStore.ProductCatolog.API\DaltroStore.ProductCatolog.API.csproj", "{7F3C1021-4AF3-4AED-8AF3-C64687898DD7}"
EndProject
Project("{2150E333-8FDC-42A3-9474-1A3956D46DE8}") = "ProductCatolog", "ProductCatolog", "{D80F8C1D-B892-4F2B-B5A0-99AA4CB764D5}"
EndProject
Project("{FAE04EC0-301F-11D3-BF4B-00C04F79EFBC}") = "DaltroStore.ProductCatalog.Business", "src\services\ProductCatolog\DaltroStore.ProductCatalog.Business\DaltroStore.ProductCatalog.Business.csproj", "{CA93F604-C38A-4242-8B9A-818F20FB4B57}"
EndProject
Project("{FAE04EC0-301F-11D3-BF4B-00C04F79EFBC}") = "DaltroStore.ProductCatalog.Data", "src\services\ProductCatolog\DaltroStore.ProductCatalog.Data\DaltroStore.ProductCatalog.Data.csproj", "{9369581D-56AA-42D6-9BB2-B1E011A74132}"
EndProject
Global
	GlobalSection(SolutionConfigurationPlatforms) = preSolution
		Debug|Any CPU = Debug|Any CPU
		Release|Any CPU = Release|Any CPU
	EndGlobalSection
	GlobalSection(ProjectConfigurationPlatforms) = postSolution
		{527F651B-9F9C-4322-A367-15B7817389A9}.Debug|Any CPU.ActiveCfg = Debug|Any CPU
		{527F651B-9F9C-4322-A367-15B7817389A9}.Debug|Any CPU.Build.0 = Debug|Any CPU
		{527F651B-9F9C-4322-A367-15B7817389A9}.Release|Any CPU.ActiveCfg = Release|Any CPU
		{527F651B-9F9C-4322-A367-15B7817389A9}.Release|Any CPU.Build.0 = Release|Any CPU
		{7F3C1021-4AF3-4AED-8AF3-C64687898DD7}.Debug|Any CPU.ActiveCfg = Debug|Any CPU
		{7F3C1021-4AF3-4AED-8AF3-C64687898DD7}.Debug|Any CPU.Build.0 = Debug|Any CPU
		{7F3C1021-4AF3-4AED-8AF3-C64687898DD7}.Release|Any CPU.ActiveCfg = Release|Any CPU
		{7F3C1021-4AF3-4AED-8AF3-C64687898DD7}.Release|Any CPU.Build.0 = Release|Any CPU
		{CA93F604-C38A-4242-8B9A-818F20FB4B57}.Debug|Any CPU.ActiveCfg = Debug|Any CPU
		{CA93F604-C38A-4242-8B9A-818F20FB4B57}.Debug|Any CPU.Build.0 = Debug|Any CPU
		{CA93F604-C38A-4242-8B9A-818F20FB4B57}.Release|Any CPU.ActiveCfg = Release|Any CPU
		{CA93F604-C38A-4242-8B9A-818F20FB4B57}.Release|Any CPU.Build.0 = Release|Any CPU
		{9369581D-56AA-42D6-9BB2-B1E011A74132}.Debug|Any CPU.ActiveCfg = Debug|Any CPU
		{9369581D-56AA-42D6-9BB2-B1E011A74132}.Debug|Any CPU.Build.0 = Debug|Any CPU
		{9369581D-56AA-42D6-9BB2-B1E011A74132}.Release|Any CPU.ActiveCfg = Release|Any CPU
		{9369581D-56AA-42D6-9BB2-B1E011A74132}.Release|Any CPU.Build.0 = Release|Any CPU
	EndGlobalSection
	GlobalSection(SolutionProperties) = preSolution
		HideSolutionNode = FALSE
	EndGlobalSection
	GlobalSection(NestedProjects) = preSolution
		{83294709-7081-42CC-911F-869D825EBB3A} = {2772DB08-B120-4457-8ED1-00A08570877D}
		{9138E582-F0E5-4E7C-A97A-BE7E0705EC6E} = {2772DB08-B120-4457-8ED1-00A08570877D}
		{527F651B-9F9C-4322-A367-15B7817389A9} = {936B1901-A95E-416E-A042-2056F41037C5}
		{936B1901-A95E-416E-A042-2056F41037C5} = {83294709-7081-42CC-911F-869D825EBB3A}
		{7F3C1021-4AF3-4AED-8AF3-C64687898DD7} = {D80F8C1D-B892-4F2B-B5A0-99AA4CB764D5}
		{D80F8C1D-B892-4F2B-B5A0-99AA4CB764D5} = {83294709-7081-42CC-911F-869D825EBB3A}
		{CA93F604-C38A-4242-8B9A-818F20FB4B57} = {D80F8C1D-B892-4F2B-B5A0-99AA4CB764D5}
		{9369581D-56AA-42D6-9BB2-B1E011A74132} = {D80F8C1D-B892-4F2B-B5A0-99AA4CB764D5}
	EndGlobalSection
	GlobalSection(ExtensibilityGlobals) = postSolution
		SolutionGuid = {09993222-8D9F-4B41-8C26-5B4132011A38}
	EndGlobalSection
EndGlobal
